// !$*UTF8*$!
{
	archiveVersion = 1;
	classes = {
	};
	objectVersion = 46;
	objects = {

/* Begin PBXBuildFile section */
		21AEB5051DBBA64C001C42B8 /* CYSnackbar.framework in Frameworks */ = {isa = PBXBuildFile; fileRef = 21AEB4FB1DBBA64C001C42B8 /* CYSnackbar.framework */; };
		21AEB50A1DBBA64C001C42B8 /* CYSnackbarTests.swift in Sources */ = {isa = PBXBuildFile; fileRef = 21AEB5091DBBA64C001C42B8 /* CYSnackbarTests.swift */; };
		21AEB50C1DBBA64C001C42B8 /* CYSnackbar.h in Headers */ = {isa = PBXBuildFile; fileRef = 21AEB4FE1DBBA64C001C42B8 /* CYSnackbar.h */; settings = {ATTRIBUTES = (Public, ); }; };
		21AEB5191DBBA675001C42B8 /* CYSnackbar.swift in Sources */ = {isa = PBXBuildFile; fileRef = 21AEB5151DBBA675001C42B8 /* CYSnackbar.swift */; };
		21AEB51A1DBBA675001C42B8 /* CYSnackbarManager.swift in Sources */ = {isa = PBXBuildFile; fileRef = 21AEB5161DBBA675001C42B8 /* CYSnackbarManager.swift */; };
		21AEB51B1DBBA675001C42B8 /* CYSnackbarRecord.swift in Sources */ = {isa = PBXBuildFile; fileRef = 21AEB5171DBBA675001C42B8 /* CYSnackbarRecord.swift */; };
		21AEB51C1DBBA675001C42B8 /* CYSnackbarView.swift in Sources */ = {isa = PBXBuildFile; fileRef = 21AEB5181DBBA675001C42B8 /* CYSnackbarView.swift */; };
/* End PBXBuildFile section */

/* Begin PBXContainerItemProxy section */
		21AEB5061DBBA64C001C42B8 /* PBXContainerItemProxy */ = {
			isa = PBXContainerItemProxy;
			containerPortal = 21AEB4F21DBBA64B001C42B8 /* Project object */;
			proxyType = 1;
			remoteGlobalIDString = 21AEB4FA1DBBA64C001C42B8;
			remoteInfo = CYSnackbar;
		};
/* End PBXContainerItemProxy section */

/* Begin PBXFileReference section */
		21AEB4FB1DBBA64C001C42B8 /* CYSnackbar.framework */ = {isa = PBXFileReference; explicitFileType = wrapper.framework; includeInIndex = 0; path = CYSnackbar.framework; sourceTree = BUILT_PRODUCTS_DIR; };
		21AEB4FE1DBBA64C001C42B8 /* CYSnackbar.h */ = {isa = PBXFileReference; lastKnownFileType = sourcecode.c.h; path = CYSnackbar.h; sourceTree = "<group>"; };
		21AEB4FF1DBBA64C001C42B8 /* Info.plist */ = {isa = PBXFileReference; lastKnownFileType = text.plist.xml; path = Info.plist; sourceTree = "<group>"; };
		21AEB5041DBBA64C001C42B8 /* CYSnackbarTests.xctest */ = {isa = PBXFileReference; explicitFileType = wrapper.cfbundle; includeInIndex = 0; path = CYSnackbarTests.xctest; sourceTree = BUILT_PRODUCTS_DIR; };
		21AEB5091DBBA64C001C42B8 /* CYSnackbarTests.swift */ = {isa = PBXFileReference; lastKnownFileType = sourcecode.swift; path = CYSnackbarTests.swift; sourceTree = "<group>"; };
		21AEB50B1DBBA64C001C42B8 /* Info.plist */ = {isa = PBXFileReference; lastKnownFileType = text.plist.xml; path = Info.plist; sourceTree = "<group>"; };
		21AEB5151DBBA675001C42B8 /* CYSnackbar.swift */ = {isa = PBXFileReference; fileEncoding = 4; lastKnownFileType = sourcecode.swift; path = CYSnackbar.swift; sourceTree = "<group>"; };
		21AEB5161DBBA675001C42B8 /* CYSnackbarManager.swift */ = {isa = PBXFileReference; fileEncoding = 4; lastKnownFileType = sourcecode.swift; path = CYSnackbarManager.swift; sourceTree = "<group>"; };
		21AEB5171DBBA675001C42B8 /* CYSnackbarRecord.swift */ = {isa = PBXFileReference; fileEncoding = 4; lastKnownFileType = sourcecode.swift; path = CYSnackbarRecord.swift; sourceTree = "<group>"; };
		21AEB5181DBBA675001C42B8 /* CYSnackbarView.swift */ = {isa = PBXFileReference; fileEncoding = 4; lastKnownFileType = sourcecode.swift; path = CYSnackbarView.swift; sourceTree = "<group>"; };
/* End PBXFileReference section */

/* Begin PBXFrameworksBuildPhase section */
		21AEB4F71DBBA64C001C42B8 /* Frameworks */ = {
			isa = PBXFrameworksBuildPhase;
			buildActionMask = 2147483647;
			files = (
			);
			runOnlyForDeploymentPostprocessing = 0;
		};
		21AEB5011DBBA64C001C42B8 /* Frameworks */ = {
			isa = PBXFrameworksBuildPhase;
			buildActionMask = 2147483647;
			files = (
				21AEB5051DBBA64C001C42B8 /* CYSnackbar.framework in Frameworks */,
			);
			runOnlyForDeploymentPostprocessing = 0;
		};
/* End PBXFrameworksBuildPhase section */

/* Begin PBXGroup section */
		21AEB4F11DBBA64B001C42B8 = {
			isa = PBXGroup;
			children = (
				21AEB4FD1DBBA64C001C42B8 /* CYSnackbar */,
				21AEB5081DBBA64C001C42B8 /* CYSnackbarTests */,
				21AEB4FC1DBBA64C001C42B8 /* Products */,
			);
			sourceTree = "<group>";
		};
		21AEB4FC1DBBA64C001C42B8 /* Products */ = {
			isa = PBXGroup;
			children = (
				21AEB4FB1DBBA64C001C42B8 /* CYSnackbar.framework */,
				21AEB5041DBBA64C001C42B8 /* CYSnackbarTests.xctest */,
			);
			name = Products;
			sourceTree = "<group>";
		};
		21AEB4FD1DBBA64C001C42B8 /* CYSnackbar */ = {
			isa = PBXGroup;
			children = (
				21AEB4FE1DBBA64C001C42B8 /* CYSnackbar.h */,
				21AEB5151DBBA675001C42B8 /* CYSnackbar.swift */,
				21AEB5161DBBA675001C42B8 /* CYSnackbarManager.swift */,
				21AEB5171DBBA675001C42B8 /* CYSnackbarRecord.swift */,
				21AEB5181DBBA675001C42B8 /* CYSnackbarView.swift */,
				21AEB4FF1DBBA64C001C42B8 /* Info.plist */,
			);
			path = CYSnackbar;
			sourceTree = "<group>";
		};
		21AEB5081DBBA64C001C42B8 /* CYSnackbarTests */ = {
			isa = PBXGroup;
			children = (
				21AEB5091DBBA64C001C42B8 /* CYSnackbarTests.swift */,
				21AEB50B1DBBA64C001C42B8 /* Info.plist */,
			);
			path = CYSnackbarTests;
			sourceTree = "<group>";
		};
/* End PBXGroup section */

/* Begin PBXHeadersBuildPhase section */
		21AEB4F81DBBA64C001C42B8 /* Headers */ = {
			isa = PBXHeadersBuildPhase;
			buildActionMask = 2147483647;
			files = (
				21AEB50C1DBBA64C001C42B8 /* CYSnackbar.h in Headers */,
			);
			runOnlyForDeploymentPostprocessing = 0;
		};
/* End PBXHeadersBuildPhase section */

/* Begin PBXNativeTarget section */
		21AEB4FA1DBBA64C001C42B8 /* CYSnackbar */ = {
			isa = PBXNativeTarget;
			buildConfigurationList = 21AEB50F1DBBA64C001C42B8 /* Build configuration list for PBXNativeTarget "CYSnackbar" */;
			buildPhases = (
				21AEB4F61DBBA64C001C42B8 /* Sources */,
				21AEB4F71DBBA64C001C42B8 /* Frameworks */,
				21AEB4F81DBBA64C001C42B8 /* Headers */,
				21AEB4F91DBBA64C001C42B8 /* Resources */,
			);
			buildRules = (
			);
			dependencies = (
			);
			name = CYSnackbar;
			productName = CYSnackbar;
			productReference = 21AEB4FB1DBBA64C001C42B8 /* CYSnackbar.framework */;
			productType = "com.apple.product-type.framework";
		};
		21AEB5031DBBA64C001C42B8 /* CYSnackbarTests */ = {
			isa = PBXNativeTarget;
			buildConfigurationList = 21AEB5121DBBA64C001C42B8 /* Build configuration list for PBXNativeTarget "CYSnackbarTests" */;
			buildPhases = (
				21AEB5001DBBA64C001C42B8 /* Sources */,
				21AEB5011DBBA64C001C42B8 /* Frameworks */,
				21AEB5021DBBA64C001C42B8 /* Resources */,
			);
			buildRules = (
			);
			dependencies = (
				21AEB5071DBBA64C001C42B8 /* PBXTargetDependency */,
			);
			name = CYSnackbarTests;
			productName = CYSnackbarTests;
			productReference = 21AEB5041DBBA64C001C42B8 /* CYSnackbarTests.xctest */;
			productType = "com.apple.product-type.bundle.unit-test";
		};
/* End PBXNativeTarget section */

/* Begin PBXProject section */
		21AEB4F21DBBA64B001C42B8 /* Project object */ = {
			isa = PBXProject;
			attributes = {
				LastSwiftUpdateCheck = 0800;
				LastUpgradeCheck = 0800;
				ORGANIZATIONNAME = chaoyang805;
				TargetAttributes = {
					21AEB4FA1DBBA64C001C42B8 = {
						CreatedOnToolsVersion = 8.0;
						LastSwiftMigration = 0800;
						ProvisioningStyle = Automatic;
					};
					21AEB5031DBBA64C001C42B8 = {
						CreatedOnToolsVersion = 8.0;
						ProvisioningStyle = Automatic;
					};
				};
			};
			buildConfigurationList = 21AEB4F51DBBA64B001C42B8 /* Build configuration list for PBXProject "CYSnackbar" */;
			compatibilityVersion = "Xcode 3.2";
			developmentRegion = English;
			hasScannedForEncodings = 0;
			knownRegions = (
				en,
			);
			mainGroup = 21AEB4F11DBBA64B001C42B8;
			productRefGroup = 21AEB4FC1DBBA64C001C42B8 /* Products */;
			projectDirPath = "";
			projectRoot = "";
			targets = (
				21AEB4FA1DBBA64C001C42B8 /* CYSnackbar */,
				21AEB5031DBBA64C001C42B8 /* CYSnackbarTests */,
			);
		};
/* End PBXProject section */

/* Begin PBXResourcesBuildPhase section */
		21AEB4F91DBBA64C001C42B8 /* Resources */ = {
			isa = PBXResourcesBuildPhase;
			buildActionMask = 2147483647;
			files = (
			);
			runOnlyForDeploymentPostprocessing = 0;
		};
		21AEB5021DBBA64C001C42B8 /* Resources */ = {
			isa = PBXResourcesBuildPhase;
			buildActionMask = 2147483647;
			files = (
			);
			runOnlyForDeploymentPostprocessing = 0;
		};
/* End PBXResourcesBuildPhase section */

/* Begin PBXSourcesBuildPhase section */
		21AEB4F61DBBA64C001C42B8 /* Sources */ = {
			isa = PBXSourcesBuildPhase;
			buildActionMask = 2147483647;
			files = (
				21AEB51B1DBBA675001C42B8 /* CYSnackbarRecord.swift in Sources */,
				21AEB51A1DBBA675001C42B8 /* CYSnackbarManager.swift in Sources */,
				21AEB5191DBBA675001C42B8 /* CYSnackbar.swift in Sources */,
				21AEB51C1DBBA675001C42B8 /* CYSnackbarView.swift in Sources */,
			);
			runOnlyForDeploymentPostprocessing = 0;
		};
		21AEB5001DBBA64C001C42B8 /* Sources */ = {
			isa = PBXSourcesBuildPhase;
			buildActionMask = 2147483647;
			files = (
				21AEB50A1DBBA64C001C42B8 /* CYSnackbarTests.swift in Sources */,
			);
			runOnlyForDeploymentPostprocessing = 0;
		};
/* End PBXSourcesBuildPhase section */

/* Begin PBXTargetDependency section */
		21AEB5071DBBA64C001C42B8 /* PBXTargetDependency */ = {
			isa = PBXTargetDependency;
			target = 21AEB4FA1DBBA64C001C42B8 /* CYSnackbar */;
			targetProxy = 21AEB5061DBBA64C001C42B8 /* PBXContainerItemProxy */;
		};
/* End PBXTargetDependency section */

/* Begin XCBuildConfiguration section */
		21AEB50D1DBBA64C001C42B8 /* Debug */ = {
			isa = XCBuildConfiguration;
			buildSettings = {
				ALWAYS_SEARCH_USER_PATHS = NO;
				CLANG_ANALYZER_NONNULL = YES;
				CLANG_CXX_LANGUAGE_STANDARD = "gnu++0x";
				CLANG_CXX_LIBRARY = "libc++";
				CLANG_ENABLE_MODULES = YES;
				CLANG_ENABLE_OBJC_ARC = YES;
				CLANG_WARN_BOOL_CONVERSION = YES;
				CLANG_WARN_CONSTANT_CONVERSION = YES;
				CLANG_WARN_DIRECT_OBJC_ISA_USAGE = YES_ERROR;
				CLANG_WARN_DOCUMENTATION_COMMENTS = YES;
				CLANG_WARN_EMPTY_BODY = YES;
				CLANG_WARN_ENUM_CONVERSION = YES;
				CLANG_WARN_INFINITE_RECURSION = YES;
				CLANG_WARN_INT_CONVERSION = YES;
				CLANG_WARN_OBJC_ROOT_CLASS = YES_ERROR;
				CLANG_WARN_SUSPICIOUS_MOVES = YES;
				CLANG_WARN_UNREACHABLE_CODE = YES;
				CLANG_WARN__DUPLICATE_METHOD_MATCH = YES;
				"CODE_SIGN_IDENTITY[sdk=iphoneos*]" = "iPhone Developer";
				COPY_PHASE_STRIP = NO;
				CURRENT_PROJECT_VERSION = 1;
				DEBUG_INFORMATION_FORMAT = dwarf;
				ENABLE_STRICT_OBJC_MSGSEND = YES;
				ENABLE_TESTABILITY = YES;
				GCC_C_LANGUAGE_STANDARD = gnu99;
				GCC_DYNAMIC_NO_PIC = NO;
				GCC_NO_COMMON_BLOCKS = YES;
				GCC_OPTIMIZATION_LEVEL = 0;
				GCC_PREPROCESSOR_DEFINITIONS = (
					"DEBUG=1",
					"$(inherited)",
				);
				GCC_WARN_64_TO_32_BIT_CONVERSION = YES;
				GCC_WARN_ABOUT_RETURN_TYPE = YES_ERROR;
				GCC_WARN_UNDECLARED_SELECTOR = YES;
				GCC_WARN_UNINITIALIZED_AUTOS = YES_AGGRESSIVE;
				GCC_WARN_UNUSED_FUNCTION = YES;
				GCC_WARN_UNUSED_VARIABLE = YES;
				IPHONEOS_DEPLOYMENT_TARGET = 10.0;
				MTL_ENABLE_DEBUG_INFO = YES;
				ONLY_ACTIVE_ARCH = YES;
				SDKROOT = iphoneos;
				SWIFT_ACTIVE_COMPILATION_CONDITIONS = DEBUG;
				SWIFT_OPTIMIZATION_LEVEL = "-Onone";
				TARGETED_DEVICE_FAMILY = "1,2";
				VERSIONING_SYSTEM = "apple-generic";
				VERSION_INFO_PREFIX = "";
			};
			name = Debug;
		};
		21AEB50E1DBBA64C001C42B8 /* Release */ = {
			isa = XCBuildConfiguration;
			buildSettings = {
				ALWAYS_SEARCH_USER_PATHS = NO;
				CLANG_ANALYZER_NONNULL = YES;
				CLANG_CXX_LANGUAGE_STANDARD = "gnu++0x";
				CLANG_CXX_LIBRARY = "libc++";
				CLANG_ENABLE_MODULES = YES;
				CLANG_ENABLE_OBJC_ARC = YES;
				CLANG_WARN_BOOL_CONVERSION = YES;
				CLANG_WARN_CONSTANT_CONVERSION = YES;
				CLANG_WARN_DIRECT_OBJC_ISA_USAGE = YES_ERROR;
				CLANG_WARN_DOCUMENTATION_COMMENTS = YES;
				CLANG_WARN_EMPTY_BODY = YES;
				CLANG_WARN_ENUM_CONVERSION = YES;
				CLANG_WARN_INFINITE_RECURSION = YES;
				CLANG_WARN_INT_CONVERSION = YES;
				CLANG_WARN_OBJC_ROOT_CLASS = YES_ERROR;
				CLANG_WARN_SUSPICIOUS_MOVES = YES;
				CLANG_WARN_UNREACHABLE_CODE = YES;
				CLANG_WARN__DUPLICATE_METHOD_MATCH = YES;
				"CODE_SIGN_IDENTITY[sdk=iphoneos*]" = "iPhone Developer";
				COPY_PHASE_STRIP = NO;
				CURRENT_PROJECT_VERSION = 1;
				DEBUG_INFORMATION_FORMAT = "dwarf-with-dsym";
				ENABLE_NS_ASSERTIONS = NO;
				ENABLE_STRICT_OBJC_MSGSEND = YES;
				GCC_C_LANGUAGE_STANDARD = gnu99;
				GCC_NO_COMMON_BLOCKS = YES;
				GCC_WARN_64_TO_32_BIT_CONVERSION = YES;
				GCC_WARN_ABOUT_RETURN_TYPE = YES_ERROR;
				GCC_WARN_UNDECLARED_SELECTOR = YES;
				GCC_WARN_UNINITIALIZED_AUTOS = YES_AGGRESSIVE;
				GCC_WARN_UNUSED_FUNCTION = YES;
				GCC_WARN_UNUSED_VARIABLE = YES;
				IPHONEOS_DEPLOYMENT_TARGET = 10.0;
				MTL_ENABLE_DEBUG_INFO = NO;
				SDKROOT = iphoneos;
				SWIFT_OPTIMIZATION_LEVEL = "-Owholemodule";
				TARGETED_DEVICE_FAMILY = "1,2";
				VALIDATE_PRODUCT = YES;
				VERSIONING_SYSTEM = "apple-generic";
				VERSION_INFO_PREFIX = "";
			};
			name = Release;
		};
		21AEB5101DBBA64C001C42B8 /* Debug */ = {
			isa = XCBuildConfiguration;
			buildSettings = {
				CLANG_ENABLE_MODULES = YES;
				CODE_SIGN_IDENTITY = "";
				DEFINES_MODULE = YES;
				DYLIB_COMPATIBILITY_VERSION = 1;
				DYLIB_CURRENT_VERSION = 1;
				DYLIB_INSTALL_NAME_BASE = "@rpath";
				INFOPLIST_FILE = CYSnackbar/Info.plist;
				INSTALL_PATH = "$(LOCAL_LIBRARY_DIR)/Frameworks";
				LD_RUNPATH_SEARCH_PATHS = "$(inherited) @executable_path/Frameworks @loader_path/Frameworks";
				PRODUCT_BUNDLE_IDENTIFIER = me.chaoyang805.CYSnackbar;
				PRODUCT_NAME = "$(TARGET_NAME)";
				SKIP_INSTALL = YES;
				SWIFT_OPTIMIZATION_LEVEL = "-Onone";
				SWIFT_VERSION = 3.0;
			};
			name = Debug;
		};
		21AEB5111DBBA64C001C42B8 /* Release */ = {
			isa = XCBuildConfiguration;
			buildSettings = {
				CLANG_ENABLE_MODULES = YES;
				CODE_SIGN_IDENTITY = "";
				DEFINES_MODULE = YES;
				DYLIB_COMPATIBILITY_VERSION = 1;
				DYLIB_CURRENT_VERSION = 1;
				DYLIB_INSTALL_NAME_BASE = "@rpath";
				INFOPLIST_FILE = CYSnackbar/Info.plist;
				INSTALL_PATH = "$(LOCAL_LIBRARY_DIR)/Frameworks";
				LD_RUNPATH_SEARCH_PATHS = "$(inherited) @executable_path/Frameworks @loader_path/Frameworks";
				PRODUCT_BUNDLE_IDENTIFIER = me.chaoyang805.CYSnackbar;
				PRODUCT_NAME = "$(TARGET_NAME)";
				SKIP_INSTALL = YES;
				SWIFT_VERSION = 3.0;
			};
			name = Release;
		};
		21AEB5131DBBA64C001C42B8 /* Debug */ = {
			isa = XCBuildConfiguration;
			buildSettings = {
				ALWAYS_EMBED_SWIFT_STANDARD_LIBRARIES = YES;
				INFOPLIST_FILE = CYSnackbarTests/Info.plist;
				LD_RUNPATH_SEARCH_PATHS = "$(inherited) @executable_path/Frameworks @loader_path/Frameworks";
				PRODUCT_BUNDLE_IDENTIFIER = me.chaoyang805.CYSnackbarTests;
				PRODUCT_NAME = "$(TARGET_NAME)";
				SWIFT_VERSION = 3.0;
			};
			name = Debug;
		};
		21AEB5141DBBA64C001C42B8 /* Release */ = {
			isa = XCBuildConfiguration;
			buildSettings = {
				ALWAYS_EMBED_SWIFT_STANDARD_LIBRARIES = YES;
				INFOPLIST_FILE = CYSnackbarTests/Info.plist;
				LD_RUNPATH_SEARCH_PATHS = "$(inherited) @executable_path/Frameworks @loader_path/Frameworks";
				PRODUCT_BUNDLE_IDENTIFIER = me.chaoyang805.CYSnackbarTests;
				PRODUCT_NAME = "$(TARGET_NAME)";
				SWIFT_VERSION = 3.0;
			};
			name = Release;
		};
/* End XCBuildConfiguration section */

/* Begin XCConfigurationList section */
		21AEB4F51DBBA64B001C42B8 /* Build configuration list for PBXProject "CYSnackbar" */ = {
			isa = XCConfigurationList;
			buildConfigurations = (
				21AEB50D1DBBA64C001C42B8 /* Debug */,
				21AEB50E1DBBA64C001C42B8 /* Release */,
			);
			defaultConfigurationIsVisible = 0;
			defaultConfigurationName = Release;
		};
		21AEB50F1DBBA64C001C42B8 /* Build configuration list for PBXNativeTarget "CYSnackbar" */ = {
			isa = XCConfigurationList;
			buildConfigurations = (
				21AEB5101DBBA64C001C42B8 /* Debug */,
				21AEB5111DBBA64C001C42B8 /* Release */,
			);
			defaultConfigurationIsVisible = 0;
		};
		21AEB5121DBBA64C001C42B8 /* Build configuration list for PBXNativeTarget "CYSnackbarTests" */ = {
			isa = XCConfigurationList;
			buildConfigurations = (
				21AEB5131DBBA64C001C42B8 /* Debug */,
				21AEB5141DBBA64C001C42B8 /* Release */,
			);
			defaultConfigurationIsVisible = 0;
		};
/* End XCConfigurationList section */
	};
	rootObject = 21AEB4F21DBBA64B001C42B8 /* Project object */;
}
